
Microsoft Visual Studio Solution File, Format Version 12.00
# Visual Studio 15
Project("{FAE04EC0-301F-11D3-BF4B-00C04F79EFBC}") = "MenuMethod", "MenuMethod\MenuMethod.csproj", "{947EE8D6-D6BA-4340-93BF-E7F302C58502}"
EndProject
Project("{FAE04EC0-301F-11D3-BF4B-00C04F79EFBC}") = "MethodExamples", "MethodExamples\MethodExamples.csproj", "{CF9F4500-C002-44A5-A48A-9C066CBD4E58}"
EndProject
Global
	GlobalSection(SolutionConfigurationPlatforms) = preSolution
		Debug|anycpu = Debug|anycpu
		Release|anycpu = Release|anycpu
	EndGlobalSection
	GlobalSection(ProjectConfigurationPlatforms) = postSolution
		{947EE8D6-D6BA-4340-93BF-E7F302C58502}.Debug|anycpu.ActiveCfg = Debug|anycpu
		{947EE8D6-D6BA-4340-93BF-E7F302C58502}.Debug|anycpu.Build.0 = Debug|anycpu
		{947EE8D6-D6BA-4340-93BF-E7F302C58502}.Release|anycpu.ActiveCfg = Release|anycpu
		{947EE8D6-D6BA-4340-93BF-E7F302C58502}.Release|anycpu.Build.0 = Release|anycpu
		{CF9F4500-C002-44A5-A48A-9C066CBD4E58}.Debug|anycpu.ActiveCfg = Debug|anycpu
		{CF9F4500-C002-44A5-A48A-9C066CBD4E58}.Debug|anycpu.Build.0 = Debug|anycpu
		{CF9F4500-C002-44A5-A48A-9C066CBD4E58}.Release|anycpu.ActiveCfg = Release|anycpu
		{CF9F4500-C002-44A5-A48A-9C066CBD4E58}.Release|anycpu.Build.0 = Release|anycpu
	EndGlobalSection
EndGlobal
