
Microsoft Visual Studio Solution File, Format Version 12.00
# Visual Studio 15
Project("{FAE04EC0-301F-11D3-BF4B-00C04F79EFBC}") = "sandpit", "sandpit\sandpit.csproj", "{570ED5BB-66A3-4C8F-870B-1017FC6F375D}"
EndProject
Project("{FAE04EC0-301F-11D3-BF4B-00C04F79EFBC}") = "getUserInput", "getUserInput\getUserInput.csproj", "{2B820ACC-0D37-486A-81C0-840E572F0F86}"
EndProject
Global
	GlobalSection(SolutionConfigurationPlatforms) = preSolution
		Debug|anycpu = Debug|anycpu
		Release|anycpu = Release|anycpu
	EndGlobalSection
	GlobalSection(ProjectConfigurationPlatforms) = postSolution
		{570ED5BB-66A3-4C8F-870B-1017FC6F375D}.Debug|anycpu.ActiveCfg = Debug|anycpu
		{570ED5BB-66A3-4C8F-870B-1017FC6F375D}.Debug|anycpu.Build.0 = Debug|anycpu
		{570ED5BB-66A3-4C8F-870B-1017FC6F375D}.Release|anycpu.ActiveCfg = Release|anycpu
		{570ED5BB-66A3-4C8F-870B-1017FC6F375D}.Release|anycpu.Build.0 = Release|anycpu
		{2B820ACC-0D37-486A-81C0-840E572F0F86}.Debug|anycpu.ActiveCfg = Debug|Any CPU
		{2B820ACC-0D37-486A-81C0-840E572F0F86}.Debug|anycpu.Build.0 = Debug|Any CPU
		{2B820ACC-0D37-486A-81C0-840E572F0F86}.Release|anycpu.ActiveCfg = Release|Any CPU
		{2B820ACC-0D37-486A-81C0-840E572F0F86}.Release|anycpu.Build.0 = Release|Any CPU
	EndGlobalSection
EndGlobal
